// !$*UTF8*$!
{
	archiveVersion = 1;
	classes = {
	};
	objectVersion = 50;
	objects = {

/* Begin PBXBuildFile section */
		EF4A7C3721EF139E006E63AE /* FourthViewController.swift in Sources */ = {isa = PBXBuildFile; fileRef = EF4A7C3621EF139E006E63AE /* FourthViewController.swift */; };
		EF4A7C4621F05573006E63AE /* Localizable.strings in Resources */ = {isa = PBXBuildFile; fileRef = EF4A7C4821F05573006E63AE /* Localizable.strings */; };
		EF4A7C4C21F06F8B006E63AE /* InfoPlist.strings in Resources */ = {isa = PBXBuildFile; fileRef = EF4A7C4E21F06F8B006E63AE /* InfoPlist.strings */; };
		EF808BBB21EE1DD500B4E5BB /* AppDelegate.swift in Sources */ = {isa = PBXBuildFile; fileRef = EF808BBA21EE1DD500B4E5BB /* AppDelegate.swift */; };
		EF808BBD21EE1DD500B4E5BB /* ViewController.swift in Sources */ = {isa = PBXBuildFile; fileRef = EF808BBC21EE1DD500B4E5BB /* ViewController.swift */; };
		EF808BC021EE1DD500B4E5BB /* Main.storyboard in Resources */ = {isa = PBXBuildFile; fileRef = EF808BBE21EE1DD500B4E5BB /* Main.storyboard */; };
		EF808BC221EE1DD700B4E5BB /* Assets.xcassets in Resources */ = {isa = PBXBuildFile; fileRef = EF808BC121EE1DD700B4E5BB /* Assets.xcassets */; };
		EF808BC521EE1DD700B4E5BB /* LaunchScreen.storyboard in Resources */ = {isa = PBXBuildFile; fileRef = EF808BC321EE1DD700B4E5BB /* LaunchScreen.storyboard */; };
		EF808BCD21EE207800B4E5BB /* PageSettingController.swift in Sources */ = {isa = PBXBuildFile; fileRef = EF808BCC21EE207800B4E5BB /* PageSettingController.swift */; };
		EF808BCF21EE20C300B4E5BB /* TableCellView.swift in Sources */ = {isa = PBXBuildFile; fileRef = EF808BCE21EE20C300B4E5BB /* TableCellView.swift */; };
		EF808BD121EE220F00B4E5BB /* SecondViewController.swift in Sources */ = {isa = PBXBuildFile; fileRef = EF808BD021EE220F00B4E5BB /* SecondViewController.swift */; };
		EF808BD321EE2CF700B4E5BB /* ThirdViewController.swift in Sources */ = {isa = PBXBuildFile; fileRef = EF808BD221EE2CF700B4E5BB /* ThirdViewController.swift */; };
/* End PBXBuildFile section */

/* Begin PBXFileReference section */
		EF4A7C3621EF139E006E63AE /* FourthViewController.swift */ = {isa = PBXFileReference; lastKnownFileType = sourcecode.swift; path = FourthViewController.swift; sourceTree = "<group>"; };
		EF4A7C3821F00F8D006E63AE /* zh-Hans */ = {isa = PBXFileReference; lastKnownFileType = text.plist.strings; name = "zh-Hans"; path = "zh-Hans.lproj/Main.strings"; sourceTree = "<group>"; };
		EF4A7C3921F00F8D006E63AE /* zh-Hans */ = {isa = PBXFileReference; lastKnownFileType = text.plist.strings; name = "zh-Hans"; path = "zh-Hans.lproj/LaunchScreen.strings"; sourceTree = "<group>"; };
		EF4A7C4721F05573006E63AE /* en */ = {isa = PBXFileReference; lastKnownFileType = text.plist.strings; name = en; path = en.lproj/Localizable.strings; sourceTree = "<group>"; };
		EF4A7C4921F0558A006E63AE /* zh-Hans */ = {isa = PBXFileReference; lastKnownFileType = text.plist.strings; name = "zh-Hans"; path = "zh-Hans.lproj/Localizable.strings"; sourceTree = "<group>"; };
		EF4A7C4D21F06F8B006E63AE /* zh-Hans */ = {isa = PBXFileReference; lastKnownFileType = text.plist.strings; name = "zh-Hans"; path = "zh-Hans.lproj/InfoPlist.strings"; sourceTree = "<group>"; };
		EF4A7C4F21F06F8D006E63AE /* en */ = {isa = PBXFileReference; lastKnownFileType = text.plist.strings; name = en; path = en.lproj/InfoPlist.strings; sourceTree = "<group>"; };
		EF808BB721EE1DD500B4E5BB /* TabBarControlTest.app */ = {isa = PBXFileReference; explicitFileType = wrapper.application; includeInIndex = 0; path = TabBarControlTest.app; sourceTree = BUILT_PRODUCTS_DIR; };
		EF808BBA21EE1DD500B4E5BB /* AppDelegate.swift */ = {isa = PBXFileReference; lastKnownFileType = sourcecode.swift; path = AppDelegate.swift; sourceTree = "<group>"; };
		EF808BBC21EE1DD500B4E5BB /* ViewController.swift */ = {isa = PBXFileReference; lastKnownFileType = sourcecode.swift; path = ViewController.swift; sourceTree = "<group>"; };
		EF808BBF21EE1DD500B4E5BB /* Base */ = {isa = PBXFileReference; lastKnownFileType = file.storyboard; name = Base; path = Base.lproj/Main.storyboard; sourceTree = "<group>"; };
		EF808BC121EE1DD700B4E5BB /* Assets.xcassets */ = {isa = PBXFileReference; lastKnownFileType = folder.assetcatalog; path = Assets.xcassets; sourceTree = "<group>"; };
		EF808BC421EE1DD700B4E5BB /* Base */ = {isa = PBXFileReference; lastKnownFileType = file.storyboard; name = Base; path = Base.lproj/LaunchScreen.storyboard; sourceTree = "<group>"; };
		EF808BC621EE1DD700B4E5BB /* Info.plist */ = {isa = PBXFileReference; lastKnownFileType = text.plist.xml; path = Info.plist; sourceTree = "<group>"; };
		EF808BCC21EE207800B4E5BB /* PageSettingController.swift */ = {isa = PBXFileReference; lastKnownFileType = sourcecode.swift; path = PageSettingController.swift; sourceTree = "<group>"; };
		EF808BCE21EE20C300B4E5BB /* TableCellView.swift */ = {isa = PBXFileReference; lastKnownFileType = sourcecode.swift; path = TableCellView.swift; sourceTree = "<group>"; };
		EF808BD021EE220F00B4E5BB /* SecondViewController.swift */ = {isa = PBXFileReference; lastKnownFileType = sourcecode.swift; path = SecondViewController.swift; sourceTree = "<group>"; };
		EF808BD221EE2CF700B4E5BB /* ThirdViewController.swift */ = {isa = PBXFileReference; lastKnownFileType = sourcecode.swift; path = ThirdViewController.swift; sourceTree = "<group>"; };
/* End PBXFileReference section */

/* Begin PBXFrameworksBuildPhase section */
		EF808BB421EE1DD500B4E5BB /* Frameworks */ = {
			isa = PBXFrameworksBuildPhase;
			buildActionMask = 2147483647;
			files = (
			);
			runOnlyForDeploymentPostprocessing = 0;
		};
/* End PBXFrameworksBuildPhase section */

/* Begin PBXGroup section */
		EF808BAE21EE1DD500B4E5BB = {
			isa = PBXGroup;
			children = (
				EF808BB921EE1DD500B4E5BB /* TabBarControlTest */,
				EF808BB821EE1DD500B4E5BB /* Products */,
			);
			sourceTree = "<group>";
		};
		EF808BB821EE1DD500B4E5BB /* Products */ = {
			isa = PBXGroup;
			children = (
				EF808BB721EE1DD500B4E5BB /* TabBarControlTest.app */,
			);
			name = Products;
			sourceTree = "<group>";
		};
		EF808BB921EE1DD500B4E5BB /* TabBarControlTest */ = {
			isa = PBXGroup;
			children = (
				EF808BBA21EE1DD500B4E5BB /* AppDelegate.swift */,
				EF808BBC21EE1DD500B4E5BB /* ViewController.swift */,
				EF808BCC21EE207800B4E5BB /* PageSettingController.swift */,
				EF808BD021EE220F00B4E5BB /* SecondViewController.swift */,
				EF808BD221EE2CF700B4E5BB /* ThirdViewController.swift */,
				EF4A7C3621EF139E006E63AE /* FourthViewController.swift */,
				EF4A7C4821F05573006E63AE /* Localizable.strings */,
				EF808BBE21EE1DD500B4E5BB /* Main.storyboard */,
				EF808BCE21EE20C300B4E5BB /* TableCellView.swift */,
				EF808BC121EE1DD700B4E5BB /* Assets.xcassets */,
				EF808BC321EE1DD700B4E5BB /* LaunchScreen.storyboard */,
				EF808BC621EE1DD700B4E5BB /* Info.plist */,
				EF4A7C4E21F06F8B006E63AE /* InfoPlist.strings */,
			);
			path = TabBarControlTest;
			sourceTree = "<group>";
		};
/* End PBXGroup section */

/* Begin PBXNativeTarget section */
		EF808BB621EE1DD500B4E5BB /* TabBarControlTest */ = {
			isa = PBXNativeTarget;
			buildConfigurationList = EF808BC921EE1DD700B4E5BB /* Build configuration list for PBXNativeTarget "TabBarControlTest" */;
			buildPhases = (
				EF808BB321EE1DD500B4E5BB /* Sources */,
				EF808BB421EE1DD500B4E5BB /* Frameworks */,
				EF808BB521EE1DD500B4E5BB /* Resources */,
			);
			buildRules = (
			);
			dependencies = (
			);
			name = TabBarControlTest;
			productName = TabBarControlTest;
			productReference = EF808BB721EE1DD500B4E5BB /* TabBarControlTest.app */;
			productType = "com.apple.product-type.application";
		};
/* End PBXNativeTarget section */

/* Begin PBXProject section */
		EF808BAF21EE1DD500B4E5BB /* Project object */ = {
			isa = PBXProject;
			attributes = {
				LastSwiftUpdateCheck = 1010;
				LastUpgradeCheck = 1010;
				ORGANIZATIONNAME = chinasoft;
				TargetAttributes = {
					EF808BB621EE1DD500B4E5BB = {
						CreatedOnToolsVersion = 10.1;
					};
				};
			};
			buildConfigurationList = EF808BB221EE1DD500B4E5BB /* Build configuration list for PBXProject "TabBarControlTest" */;
			compatibilityVersion = "Xcode 9.3";
			developmentRegion = en;
			hasScannedForEncodings = 0;
			knownRegions = (
				en,
				Base,
				"zh-Hans",
			);
			mainGroup = EF808BAE21EE1DD500B4E5BB;
			productRefGroup = EF808BB821EE1DD500B4E5BB /* Products */;
			projectDirPath = "";
			projectRoot = "";
			targets = (
				EF808BB621EE1DD500B4E5BB /* TabBarControlTest */,
			);
		};
/* End PBXProject section */

/* Begin PBXResourcesBuildPhase section */
		EF808BB521EE1DD500B4E5BB /* Resources */ = {
			isa = PBXResourcesBuildPhase;
			buildActionMask = 2147483647;
			files = (
				EF808BC521EE1DD700B4E5BB /* LaunchScreen.storyboard in Resources */,
				EF4A7C4621F05573006E63AE /* Localizable.strings in Resources */,
				EF808BC221EE1DD700B4E5BB /* Assets.xcassets in Resources */,
				EF808BC021EE1DD500B4E5BB /* Main.storyboard in Resources */,
				EF4A7C4C21F06F8B006E63AE /* InfoPlist.strings in Resources */,
			);
			runOnlyForDeploymentPostprocessing = 0;
		};
/* End PBXResourcesBuildPhase section */

/* Begin PBXSourcesBuildPhase section */
		EF808BB321EE1DD500B4E5BB /* Sources */ = {
			isa = PBXSourcesBuildPhase;
			buildActionMask = 2147483647;
			files = (
				EF808BBD21EE1DD500B4E5BB /* ViewController.swift in Sources */,
				EF808BCF21EE20C300B4E5BB /* TableCellView.swift in Sources */,
				EF808BCD21EE207800B4E5BB /* PageSettingController.swift in Sources */,
				EF4A7C3721EF139E006E63AE /* FourthViewController.swift in Sources */,
				EF808BD121EE220F00B4E5BB /* SecondViewController.swift in Sources */,
				EF808BD321EE2CF700B4E5BB /* ThirdViewController.swift in Sources */,
				EF808BBB21EE1DD500B4E5BB /* AppDelegate.swift in Sources */,
			);
			runOnlyForDeploymentPostprocessing = 0;
		};
/* End PBXSourcesBuildPhase section */

/* Begin PBXVariantGroup section */
		EF4A7C4821F05573006E63AE /* Localizable.strings */ = {
			isa = PBXVariantGroup;
			children = (
				EF4A7C4721F05573006E63AE /* en */,
				EF4A7C4921F0558A006E63AE /* zh-Hans */,
			);
			name = Localizable.strings;
			sourceTree = "<group>";
		};
		EF4A7C4E21F06F8B006E63AE /* InfoPlist.strings */ = {
			isa = PBXVariantGroup;
			children = (
				EF4A7C4D21F06F8B006E63AE /* zh-Hans */,
				EF4A7C4F21F06F8D006E63AE /* en */,
			);
			name = InfoPlist.strings;
			sourceTree = "<group>";
		};
		EF808BBE21EE1DD500B4E5BB /* Main.storyboard */ = {
			isa = PBXVariantGroup;
			children = (
				EF808BBF21EE1DD500B4E5BB /* Base */,
				EF4A7C3821F00F8D006E63AE /* zh-Hans */,
			);
			name = Main.storyboard;
			sourceTree = "<group>";
		};
		EF808BC321EE1DD700B4E5BB /* LaunchScreen.storyboard */ = {
			isa = PBXVariantGroup;
			children = (
				EF808BC421EE1DD700B4E5BB /* Base */,
				EF4A7C3921F00F8D006E63AE /* zh-Hans */,
			);
			name = LaunchScreen.storyboard;
			sourceTree = "<group>";
		};
/* End PBXVariantGroup section */

/* Begin XCBuildConfiguration section */
		EF808BC721EE1DD700B4E5BB /* Debug */ = {
			isa = XCBuildConfiguration;
			buildSettings = {
				ALWAYS_SEARCH_USER_PATHS = NO;
				CLANG_ANALYZER_LOCALIZABILITY_NONLOCALIZED = YES;
				CLANG_ANALYZER_NONNULL = YES;
				CLANG_ANALYZER_NUMBER_OBJECT_CONVERSION = YES_AGGRESSIVE;
				CLANG_CXX_LANGUAGE_STANDARD = "gnu++14";
				CLANG_CXX_LIBRARY = "libc++";
				CLANG_ENABLE_MODULES = YES;
				CLANG_ENABLE_OBJC_ARC = YES;
				CLANG_ENABLE_OBJC_WEAK = YES;
				CLANG_WARN_BLOCK_CAPTURE_AUTORELEASING = YES;
				CLANG_WARN_BOOL_CONVERSION = YES;
				CLANG_WARN_COMMA = YES;
				CLANG_WARN_CONSTANT_CONVERSION = YES;
				CLANG_WARN_DEPRECATED_OBJC_IMPLEMENTATIONS = YES;
				CLANG_WARN_DIRECT_OBJC_ISA_USAGE = YES_ERROR;
				CLANG_WARN_DOCUMENTATION_COMMENTS = YES;
				CLANG_WARN_EMPTY_BODY = YES;
				CLANG_WARN_ENUM_CONVERSION = YES;
				CLANG_WARN_INFINITE_RECURSION = YES;
				CLANG_WARN_INT_CONVERSION = YES;
				CLANG_WARN_NON_LITERAL_NULL_CONVERSION = YES;
				CLANG_WARN_OBJC_IMPLICIT_RETAIN_SELF = YES;
				CLANG_WARN_OBJC_LITERAL_CONVERSION = YES;
				CLANG_WARN_OBJC_ROOT_CLASS = YES_ERROR;
				CLANG_WARN_RANGE_LOOP_ANALYSIS = YES;
				CLANG_WARN_STRICT_PROTOTYPES = YES;
				CLANG_WARN_SUSPICIOUS_MOVE = YES;
				CLANG_WARN_UNGUARDED_AVAILABILITY = YES_AGGRESSIVE;
				CLANG_WARN_UNREACHABLE_CODE = YES;
				CLANG_WARN__DUPLICATE_METHOD_MATCH = YES;
				CODE_SIGN_IDENTITY = "iPhone Developer";
				COPY_PHASE_STRIP = NO;
				DEBUG_INFORMATION_FORMAT = dwarf;
				ENABLE_STRICT_OBJC_MSGSEND = YES;
				ENABLE_TESTABILITY = YES;
				GCC_C_LANGUAGE_STANDARD = gnu11;
				GCC_DYNAMIC_NO_PIC = NO;
				GCC_NO_COMMON_BLOCKS = YES;
				GCC_OPTIMIZATION_LEVEL = 0;
				GCC_PREPROCESSOR_DEFINITIONS = (
					"DEBUG=1",
					"$(inherited)",
				);
				GCC_WARN_64_TO_32_BIT_CONVERSION = YES;
				GCC_WARN_ABOUT_RETURN_TYPE = YES_ERROR;
				GCC_WARN_UNDECLARED_SELECTOR = YES;
				GCC_WARN_UNINITIALIZED_AUTOS = YES_AGGRESSIVE;
				GCC_WARN_UNUSED_FUNCTION = YES;
				GCC_WARN_UNUSED_VARIABLE = YES;
				IPHONEOS_DEPLOYMENT_TARGET = 12.1;
				MTL_ENABLE_DEBUG_INFO = INCLUDE_SOURCE;
				MTL_FAST_MATH = YES;
				ONLY_ACTIVE_ARCH = YES;
				SDKROOT = iphoneos;
				SWIFT_ACTIVE_COMPILATION_CONDITIONS = DEBUG;
				SWIFT_OPTIMIZATION_LEVEL = "-Onone";
			};
			name = Debug;
		};
		EF808BC821EE1DD700B4E5BB /* Release */ = {
			isa = XCBuildConfiguration;
			buildSettings = {
				ALWAYS_SEARCH_USER_PATHS = NO;
				CLANG_ANALYZER_LOCALIZABILITY_NONLOCALIZED = YES;
				CLANG_ANALYZER_NONNULL = YES;
				CLANG_ANALYZER_NUMBER_OBJECT_CONVERSION = YES_AGGRESSIVE;
				CLANG_CXX_LANGUAGE_STANDARD = "gnu++14";
				CLANG_CXX_LIBRARY = "libc++";
				CLANG_ENABLE_MODULES = YES;
				CLANG_ENABLE_OBJC_ARC = YES;
				CLANG_ENABLE_OBJC_WEAK = YES;
				CLANG_WARN_BLOCK_CAPTURE_AUTORELEASING = YES;
				CLANG_WARN_BOOL_CONVERSION = YES;
				CLANG_WARN_COMMA = YES;
				CLANG_WARN_CONSTANT_CONVERSION = YES;
				CLANG_WARN_DEPRECATED_OBJC_IMPLEMENTATIONS = YES;
				CLANG_WARN_DIRECT_OBJC_ISA_USAGE = YES_ERROR;
				CLANG_WARN_DOCUMENTATION_COMMENTS = YES;
				CLANG_WARN_EMPTY_BODY = YES;
				CLANG_WARN_ENUM_CONVERSION = YES;
				CLANG_WARN_INFINITE_RECURSION = YES;
				CLANG_WARN_INT_CONVERSION = YES;
				CLANG_WARN_NON_LITERAL_NULL_CONVERSION = YES;
				CLANG_WARN_OBJC_IMPLICIT_RETAIN_SELF = YES;
				CLANG_WARN_OBJC_LITERAL_CONVERSION = YES;
				CLANG_WARN_OBJC_ROOT_CLASS = YES_ERROR;
				CLANG_WARN_RANGE_LOOP_ANALYSIS = YES;
				CLANG_WARN_STRICT_PROTOTYPES = YES;
				CLANG_WARN_SUSPICIOUS_MOVE = YES;
				CLANG_WARN_UNGUARDED_AVAILABILITY = YES_AGGRESSIVE;
				CLANG_WARN_UNREACHABLE_CODE = YES;
				CLANG_WARN__DUPLICATE_METHOD_MATCH = YES;
				CODE_SIGN_IDENTITY = "iPhone Developer";
				COPY_PHASE_STRIP = NO;
				DEBUG_INFORMATION_FORMAT = "dwarf-with-dsym";
				ENABLE_NS_ASSERTIONS = NO;
				ENABLE_STRICT_OBJC_MSGSEND = YES;
				GCC_C_LANGUAGE_STANDARD = gnu11;
				GCC_NO_COMMON_BLOCKS = YES;
				GCC_WARN_64_TO_32_BIT_CONVERSION = YES;
				GCC_WARN_ABOUT_RETURN_TYPE = YES_ERROR;
				GCC_WARN_UNDECLARED_SELECTOR = YES;
				GCC_WARN_UNINITIALIZED_AUTOS = YES_AGGRESSIVE;
				GCC_WARN_UNUSED_FUNCTION = YES;
				GCC_WARN_UNUSED_VARIABLE = YES;
				IPHONEOS_DEPLOYMENT_TARGET = 12.1;
				MTL_ENABLE_DEBUG_INFO = NO;
				MTL_FAST_MATH = YES;
				SDKROOT = iphoneos;
				SWIFT_COMPILATION_MODE = wholemodule;
				SWIFT_OPTIMIZATION_LEVEL = "-O";
				VALIDATE_PRODUCT = YES;
			};
			name = Release;
		};
		EF808BCA21EE1DD700B4E5BB /* Debug */ = {
			isa = XCBuildConfiguration;
			buildSettings = {
				ASSETCATALOG_COMPILER_APPICON_NAME = AppIcon;
				CODE_SIGN_STYLE = Automatic;
				INFOPLIST_FILE = TabBarControlTest/Info.plist;
				LD_RUNPATH_SEARCH_PATHS = (
					"$(inherited)",
					"@executable_path/Frameworks",
				);
				PRODUCT_BUNDLE_IDENTIFIER = com.hsbc.TabBarControlTest;
				PRODUCT_NAME = "$(TARGET_NAME)";
				SWIFT_VERSION = 4.2;
				TARGETED_DEVICE_FAMILY = "1,2";
			};
			name = Debug;
		};
		EF808BCB21EE1DD700B4E5BB /* Release */ = {
			isa = XCBuildConfiguration;
			buildSettings = {
				ASSETCATALOG_COMPILER_APPICON_NAME = AppIcon;
				CODE_SIGN_STYLE = Automatic;
				INFOPLIST_FILE = TabBarControlTest/Info.plist;
				LD_RUNPATH_SEARCH_PATHS = (
					"$(inherited)",
					"@executable_path/Frameworks",
				);
				PRODUCT_BUNDLE_IDENTIFIER = com.hsbc.TabBarControlTest;
				PRODUCT_NAME = "$(TARGET_NAME)";
				SWIFT_VERSION = 4.2;
				TARGETED_DEVICE_FAMILY = "1,2";
			};
			name = Release;
		};
/* End XCBuildConfiguration section */

/* Begin XCConfigurationList section */
		EF808BB221EE1DD500B4E5BB /* Build configuration list for PBXProject "TabBarControlTest" */ = {
			isa = XCConfigurationList;
			buildConfigurations = (
				EF808BC721EE1DD700B4E5BB /* Debug */,
				EF808BC821EE1DD700B4E5BB /* Release */,
			);
			defaultConfigurationIsVisible = 0;
			defaultConfigurationName = Release;
		};
		EF808BC921EE1DD700B4E5BB /* Build configuration list for PBXNativeTarget "TabBarControlTest" */ = {
			isa = XCConfigurationList;
			buildConfigurations = (
				EF808BCA21EE1DD700B4E5BB /* Debug */,
				EF808BCB21EE1DD700B4E5BB /* Release */,
			);
			defaultConfigurationIsVisible = 0;
			defaultConfigurationName = Release;
		};
/* End XCConfigurationList section */
	};
	rootObject = EF808BAF21EE1DD500B4E5BB /* Project object */;
}
